
Microsoft Visual Studio Solution File, Format Version 12.00
# Visual Studio 15
VisualStudioVersion = 15.0.28010.2003
MinimumVisualStudioVersion = 10.0.40219.1
Project("{FAE04EC0-301F-11D3-BF4B-00C04F79EFBC}") = "BoilerPlateApiApp", "BoilerPlateApiApp\BoilerPlateApiApp.csproj", "{DACFBFD3-C639-41BB-89A8-13FBAEE96750}"
EndProject
Global
	GlobalSection(SolutionConfigurationPlatforms) = preSolution
		Debug|Any CPU = Debug|Any CPU
		Release|Any CPU = Release|Any CPU
	EndGlobalSection
	GlobalSection(ProjectConfigurationPlatforms) = postSolution
		{DACFBFD3-C639-41BB-89A8-13FBAEE96750}.Debug|Any CPU.ActiveCfg = Debug|Any CPU
		{DACFBFD3-C639-41BB-89A8-13FBAEE96750}.Debug|Any CPU.Build.0 = Debug|Any CPU
		{DACFBFD3-C639-41BB-89A8-13FBAEE96750}.Release|Any CPU.ActiveCfg = Release|Any CPU
		{DACFBFD3-C639-41BB-89A8-13FBAEE96750}.Release|Any CPU.Build.0 = Release|Any CPU
	EndGlobalSection
	GlobalSection(SolutionProperties) = preSolution
		HideSolutionNode = FALSE
	EndGlobalSection
	GlobalSection(ExtensibilityGlobals) = postSolution
		SolutionGuid = {BF1D62A6-E5DB-41D5-B4D6-654E9378650E}
	EndGlobalSection
EndGlobal
